// !$*UTF8*$!
{
	archiveVersion = 1;
	classes = {
	};
	objectVersion = 50;
	objects = {

/* Begin PBXBuildFile section */
		58192C2E2447C93C00F77ACB /* AppDelegate.swift in Sources */ = {isa = PBXBuildFile; fileRef = 58192C2D2447C93C00F77ACB /* AppDelegate.swift */; };
		58192C302447C93C00F77ACB /* SceneDelegate.swift in Sources */ = {isa = PBXBuildFile; fileRef = 58192C2F2447C93C00F77ACB /* SceneDelegate.swift */; };
		58192C352447C93C00F77ACB /* Main.storyboard in Resources */ = {isa = PBXBuildFile; fileRef = 58192C332447C93C00F77ACB /* Main.storyboard */; };
		58192C372447C93D00F77ACB /* Assets.xcassets in Resources */ = {isa = PBXBuildFile; fileRef = 58192C362447C93D00F77ACB /* Assets.xcassets */; };
		58192C3A2447C93D00F77ACB /* LaunchScreen.storyboard in Resources */ = {isa = PBXBuildFile; fileRef = 58192C382447C93D00F77ACB /* LaunchScreen.storyboard */; };
		58192C452447C93E00F77ACB /* MPVExampleAppTests.swift in Sources */ = {isa = PBXBuildFile; fileRef = 58192C442447C93E00F77ACB /* MPVExampleAppTests.swift */; };
		58192C502447C93E00F77ACB /* MPVExampleAppUITests.swift in Sources */ = {isa = PBXBuildFile; fileRef = 58192C4F2447C93E00F77ACB /* MPVExampleAppUITests.swift */; };
		58192C5F2447C9C400F77ACB /* TrafficLight.swift in Sources */ = {isa = PBXBuildFile; fileRef = 58192C5E2447C9C400F77ACB /* TrafficLight.swift */; };
		58192C622447CA5000F77ACB /* TrafficLightService.swift in Sources */ = {isa = PBXBuildFile; fileRef = 58192C612447CA5000F77ACB /* TrafficLightService.swift */; };
		58192C652447CD2300F77ACB /* TrafficLightPresenter.swift in Sources */ = {isa = PBXBuildFile; fileRef = 58192C642447CD2300F77ACB /* TrafficLightPresenter.swift */; };
		58192C682447D15200F77ACB /* TrafficLightViewController.swift in Sources */ = {isa = PBXBuildFile; fileRef = 58192C672447D15200F77ACB /* TrafficLightViewController.swift */; };
/* End PBXBuildFile section */

/* Begin PBXContainerItemProxy section */
		58192C412447C93E00F77ACB /* PBXContainerItemProxy */ = {
			isa = PBXContainerItemProxy;
			containerPortal = 58192C222447C93C00F77ACB /* Project object */;
			proxyType = 1;
			remoteGlobalIDString = 58192C292447C93C00F77ACB;
			remoteInfo = MPVExampleApp;
		};
		58192C4C2447C93E00F77ACB /* PBXContainerItemProxy */ = {
			isa = PBXContainerItemProxy;
			containerPortal = 58192C222447C93C00F77ACB /* Project object */;
			proxyType = 1;
			remoteGlobalIDString = 58192C292447C93C00F77ACB;
			remoteInfo = MPVExampleApp;
		};
/* End PBXContainerItemProxy section */

/* Begin PBXFileReference section */
		58192C2A2447C93C00F77ACB /* MPVExampleApp.app */ = {isa = PBXFileReference; explicitFileType = wrapper.application; includeInIndex = 0; path = MPVExampleApp.app; sourceTree = BUILT_PRODUCTS_DIR; };
		58192C2D2447C93C00F77ACB /* AppDelegate.swift */ = {isa = PBXFileReference; lastKnownFileType = sourcecode.swift; path = AppDelegate.swift; sourceTree = "<group>"; };
		58192C2F2447C93C00F77ACB /* SceneDelegate.swift */ = {isa = PBXFileReference; lastKnownFileType = sourcecode.swift; path = SceneDelegate.swift; sourceTree = "<group>"; };
		58192C342447C93C00F77ACB /* Base */ = {isa = PBXFileReference; lastKnownFileType = file.storyboard; name = Base; path = Base.lproj/Main.storyboard; sourceTree = "<group>"; };
		58192C362447C93D00F77ACB /* Assets.xcassets */ = {isa = PBXFileReference; lastKnownFileType = folder.assetcatalog; path = Assets.xcassets; sourceTree = "<group>"; };
		58192C392447C93D00F77ACB /* Base */ = {isa = PBXFileReference; lastKnownFileType = file.storyboard; name = Base; path = Base.lproj/LaunchScreen.storyboard; sourceTree = "<group>"; };
		58192C3B2447C93D00F77ACB /* Info.plist */ = {isa = PBXFileReference; lastKnownFileType = text.plist.xml; path = Info.plist; sourceTree = "<group>"; };
		58192C402447C93E00F77ACB /* MPVExampleAppTests.xctest */ = {isa = PBXFileReference; explicitFileType = wrapper.cfbundle; includeInIndex = 0; path = MPVExampleAppTests.xctest; sourceTree = BUILT_PRODUCTS_DIR; };
		58192C442447C93E00F77ACB /* MPVExampleAppTests.swift */ = {isa = PBXFileReference; lastKnownFileType = sourcecode.swift; path = MPVExampleAppTests.swift; sourceTree = "<group>"; };
		58192C462447C93E00F77ACB /* Info.plist */ = {isa = PBXFileReference; lastKnownFileType = text.plist.xml; path = Info.plist; sourceTree = "<group>"; };
		58192C4B2447C93E00F77ACB /* MPVExampleAppUITests.xctest */ = {isa = PBXFileReference; explicitFileType = wrapper.cfbundle; includeInIndex = 0; path = MPVExampleAppUITests.xctest; sourceTree = BUILT_PRODUCTS_DIR; };
		58192C4F2447C93E00F77ACB /* MPVExampleAppUITests.swift */ = {isa = PBXFileReference; lastKnownFileType = sourcecode.swift; path = MPVExampleAppUITests.swift; sourceTree = "<group>"; };
		58192C512447C93E00F77ACB /* Info.plist */ = {isa = PBXFileReference; lastKnownFileType = text.plist.xml; path = Info.plist; sourceTree = "<group>"; };
		58192C5E2447C9C400F77ACB /* TrafficLight.swift */ = {isa = PBXFileReference; lastKnownFileType = sourcecode.swift; path = TrafficLight.swift; sourceTree = "<group>"; };
		58192C612447CA5000F77ACB /* TrafficLightService.swift */ = {isa = PBXFileReference; lastKnownFileType = sourcecode.swift; path = TrafficLightService.swift; sourceTree = "<group>"; };
		58192C642447CD2300F77ACB /* TrafficLightPresenter.swift */ = {isa = PBXFileReference; lastKnownFileType = sourcecode.swift; path = TrafficLightPresenter.swift; sourceTree = "<group>"; };
		58192C672447D15200F77ACB /* TrafficLightViewController.swift */ = {isa = PBXFileReference; lastKnownFileType = sourcecode.swift; path = TrafficLightViewController.swift; sourceTree = "<group>"; };
/* End PBXFileReference section */

/* Begin PBXFrameworksBuildPhase section */
		58192C272447C93C00F77ACB /* Frameworks */ = {
			isa = PBXFrameworksBuildPhase;
			buildActionMask = 2147483647;
			files = (
			);
			runOnlyForDeploymentPostprocessing = 0;
		};
		58192C3D2447C93E00F77ACB /* Frameworks */ = {
			isa = PBXFrameworksBuildPhase;
			buildActionMask = 2147483647;
			files = (
			);
			runOnlyForDeploymentPostprocessing = 0;
		};
		58192C482447C93E00F77ACB /* Frameworks */ = {
			isa = PBXFrameworksBuildPhase;
			buildActionMask = 2147483647;
			files = (
			);
			runOnlyForDeploymentPostprocessing = 0;
		};
/* End PBXFrameworksBuildPhase section */

/* Begin PBXGroup section */
		58192C212447C93C00F77ACB = {
			isa = PBXGroup;
			children = (
				58192C2C2447C93C00F77ACB /* MPVExampleApp */,
				58192C432447C93E00F77ACB /* MPVExampleAppTests */,
				58192C4E2447C93E00F77ACB /* MPVExampleAppUITests */,
				58192C2B2447C93C00F77ACB /* Products */,
			);
			sourceTree = "<group>";
		};
		58192C2B2447C93C00F77ACB /* Products */ = {
			isa = PBXGroup;
			children = (
				58192C2A2447C93C00F77ACB /* MPVExampleApp.app */,
				58192C402447C93E00F77ACB /* MPVExampleAppTests.xctest */,
				58192C4B2447C93E00F77ACB /* MPVExampleAppUITests.xctest */,
			);
			name = Products;
			sourceTree = "<group>";
		};
		58192C2C2447C93C00F77ACB /* MPVExampleApp */ = {
			isa = PBXGroup;
			children = (
				58192C5D2447C9B000F77ACB /* Models */,
				58192C662447D13E00F77ACB /* Views */,
				58192C632447CD1200F77ACB /* Presenters */,
				58192C602447CA2E00F77ACB /* DataSource */,
				58192C2D2447C93C00F77ACB /* AppDelegate.swift */,
				58192C2F2447C93C00F77ACB /* SceneDelegate.swift */,
				58192C332447C93C00F77ACB /* Main.storyboard */,
				58192C362447C93D00F77ACB /* Assets.xcassets */,
				58192C382447C93D00F77ACB /* LaunchScreen.storyboard */,
				58192C3B2447C93D00F77ACB /* Info.plist */,
			);
			path = MPVExampleApp;
			sourceTree = "<group>";
		};
		58192C432447C93E00F77ACB /* MPVExampleAppTests */ = {
			isa = PBXGroup;
			children = (
				58192C442447C93E00F77ACB /* MPVExampleAppTests.swift */,
				58192C462447C93E00F77ACB /* Info.plist */,
			);
			path = MPVExampleAppTests;
			sourceTree = "<group>";
		};
		58192C4E2447C93E00F77ACB /* MPVExampleAppUITests */ = {
			isa = PBXGroup;
			children = (
				58192C4F2447C93E00F77ACB /* MPVExampleAppUITests.swift */,
				58192C512447C93E00F77ACB /* Info.plist */,
			);
			path = MPVExampleAppUITests;
			sourceTree = "<group>";
		};
		58192C5D2447C9B000F77ACB /* Models */ = {
			isa = PBXGroup;
			children = (
				58192C5E2447C9C400F77ACB /* TrafficLight.swift */,
			);
			path = Models;
			sourceTree = "<group>";
		};
		58192C602447CA2E00F77ACB /* DataSource */ = {
			isa = PBXGroup;
			children = (
				58192C612447CA5000F77ACB /* TrafficLightService.swift */,
			);
			path = DataSource;
			sourceTree = "<group>";
		};
		58192C632447CD1200F77ACB /* Presenters */ = {
			isa = PBXGroup;
			children = (
				58192C642447CD2300F77ACB /* TrafficLightPresenter.swift */,
			);
			path = Presenters;
			sourceTree = "<group>";
		};
		58192C662447D13E00F77ACB /* Views */ = {
			isa = PBXGroup;
			children = (
				58192C672447D15200F77ACB /* TrafficLightViewController.swift */,
			);
			path = Views;
			sourceTree = "<group>";
		};
/* End PBXGroup section */

/* Begin PBXNativeTarget section */
		58192C292447C93C00F77ACB /* MPVExampleApp */ = {
			isa = PBXNativeTarget;
			buildConfigurationList = 58192C542447C93E00F77ACB /* Build configuration list for PBXNativeTarget "MPVExampleApp" */;
			buildPhases = (
				58192C262447C93C00F77ACB /* Sources */,
				58192C272447C93C00F77ACB /* Frameworks */,
				58192C282447C93C00F77ACB /* Resources */,
			);
			buildRules = (
			);
			dependencies = (
			);
			name = MPVExampleApp;
			productName = MPVExampleApp;
			productReference = 58192C2A2447C93C00F77ACB /* MPVExampleApp.app */;
			productType = "com.apple.product-type.application";
		};
		58192C3F2447C93E00F77ACB /* MPVExampleAppTests */ = {
			isa = PBXNativeTarget;
			buildConfigurationList = 58192C572447C93E00F77ACB /* Build configuration list for PBXNativeTarget "MPVExampleAppTests" */;
			buildPhases = (
				58192C3C2447C93E00F77ACB /* Sources */,
				58192C3D2447C93E00F77ACB /* Frameworks */,
				58192C3E2447C93E00F77ACB /* Resources */,
			);
			buildRules = (
			);
			dependencies = (
				58192C422447C93E00F77ACB /* PBXTargetDependency */,
			);
			name = MPVExampleAppTests;
			productName = MPVExampleAppTests;
			productReference = 58192C402447C93E00F77ACB /* MPVExampleAppTests.xctest */;
			productType = "com.apple.product-type.bundle.unit-test";
		};
		58192C4A2447C93E00F77ACB /* MPVExampleAppUITests */ = {
			isa = PBXNativeTarget;
			buildConfigurationList = 58192C5A2447C93E00F77ACB /* Build configuration list for PBXNativeTarget "MPVExampleAppUITests" */;
			buildPhases = (
				58192C472447C93E00F77ACB /* Sources */,
				58192C482447C93E00F77ACB /* Frameworks */,
				58192C492447C93E00F77ACB /* Resources */,
			);
			buildRules = (
			);
			dependencies = (
				58192C4D2447C93E00F77ACB /* PBXTargetDependency */,
			);
			name = MPVExampleAppUITests;
			productName = MPVExampleAppUITests;
			productReference = 58192C4B2447C93E00F77ACB /* MPVExampleAppUITests.xctest */;
			productType = "com.apple.product-type.bundle.ui-testing";
		};
/* End PBXNativeTarget section */

/* Begin PBXProject section */
		58192C222447C93C00F77ACB /* Project object */ = {
			isa = PBXProject;
			attributes = {
				LastSwiftUpdateCheck = 1140;
				LastUpgradeCheck = 1140;
				ORGANIZATIONNAME = "Thiago Anderson Martins";
				TargetAttributes = {
					58192C292447C93C00F77ACB = {
						CreatedOnToolsVersion = 11.4;
					};
					58192C3F2447C93E00F77ACB = {
						CreatedOnToolsVersion = 11.4;
						TestTargetID = 58192C292447C93C00F77ACB;
					};
					58192C4A2447C93E00F77ACB = {
						CreatedOnToolsVersion = 11.4;
						TestTargetID = 58192C292447C93C00F77ACB;
					};
				};
			};
			buildConfigurationList = 58192C252447C93C00F77ACB /* Build configuration list for PBXProject "MPVExampleApp" */;
			compatibilityVersion = "Xcode 9.3";
			developmentRegion = en;
			hasScannedForEncodings = 0;
			knownRegions = (
				en,
				Base,
			);
			mainGroup = 58192C212447C93C00F77ACB;
			productRefGroup = 58192C2B2447C93C00F77ACB /* Products */;
			projectDirPath = "";
			projectRoot = "";
			targets = (
				58192C292447C93C00F77ACB /* MPVExampleApp */,
				58192C3F2447C93E00F77ACB /* MPVExampleAppTests */,
				58192C4A2447C93E00F77ACB /* MPVExampleAppUITests */,
			);
		};
/* End PBXProject section */

/* Begin PBXResourcesBuildPhase section */
		58192C282447C93C00F77ACB /* Resources */ = {
			isa = PBXResourcesBuildPhase;
			buildActionMask = 2147483647;
			files = (
				58192C3A2447C93D00F77ACB /* LaunchScreen.storyboard in Resources */,
				58192C372447C93D00F77ACB /* Assets.xcassets in Resources */,
				58192C352447C93C00F77ACB /* Main.storyboard in Resources */,
			);
			runOnlyForDeploymentPostprocessing = 0;
		};
		58192C3E2447C93E00F77ACB /* Resources */ = {
			isa = PBXResourcesBuildPhase;
			buildActionMask = 2147483647;
			files = (
			);
			runOnlyForDeploymentPostprocessing = 0;
		};
		58192C492447C93E00F77ACB /* Resources */ = {
			isa = PBXResourcesBuildPhase;
			buildActionMask = 2147483647;
			files = (
			);
			runOnlyForDeploymentPostprocessing = 0;
		};
/* End PBXResourcesBuildPhase section */

/* Begin PBXSourcesBuildPhase section */
		58192C262447C93C00F77ACB /* Sources */ = {
			isa = PBXSourcesBuildPhase;
			buildActionMask = 2147483647;
			files = (
				58192C5F2447C9C400F77ACB /* TrafficLight.swift in Sources */,
				58192C622447CA5000F77ACB /* TrafficLightService.swift in Sources */,
				58192C652447CD2300F77ACB /* TrafficLightPresenter.swift in Sources */,
				58192C2E2447C93C00F77ACB /* AppDelegate.swift in Sources */,
				58192C302447C93C00F77ACB /* SceneDelegate.swift in Sources */,
				58192C682447D15200F77ACB /* TrafficLightViewController.swift in Sources */,
			);
			runOnlyForDeploymentPostprocessing = 0;
		};
		58192C3C2447C93E00F77ACB /* Sources */ = {
			isa = PBXSourcesBuildPhase;
			buildActionMask = 2147483647;
			files = (
				58192C452447C93E00F77ACB /* MPVExampleAppTests.swift in Sources */,
			);
			runOnlyForDeploymentPostprocessing = 0;
		};
		58192C472447C93E00F77ACB /* Sources */ = {
			isa = PBXSourcesBuildPhase;
			buildActionMask = 2147483647;
			files = (
				58192C502447C93E00F77ACB /* MPVExampleAppUITests.swift in Sources */,
			);
			runOnlyForDeploymentPostprocessing = 0;
		};
/* End PBXSourcesBuildPhase section */

/* Begin PBXTargetDependency section */
		58192C422447C93E00F77ACB /* PBXTargetDependency */ = {
			isa = PBXTargetDependency;
			target = 58192C292447C93C00F77ACB /* MPVExampleApp */;
			targetProxy = 58192C412447C93E00F77ACB /* PBXContainerItemProxy */;
		};
		58192C4D2447C93E00F77ACB /* PBXTargetDependency */ = {
			isa = PBXTargetDependency;
			target = 58192C292447C93C00F77ACB /* MPVExampleApp */;
			targetProxy = 58192C4C2447C93E00F77ACB /* PBXContainerItemProxy */;
		};
/* End PBXTargetDependency section */

/* Begin PBXVariantGroup section */
		58192C332447C93C00F77ACB /* Main.storyboard */ = {
			isa = PBXVariantGroup;
			children = (
				58192C342447C93C00F77ACB /* Base */,
			);
			name = Main.storyboard;
			sourceTree = "<group>";
		};
		58192C382447C93D00F77ACB /* LaunchScreen.storyboard */ = {
			isa = PBXVariantGroup;
			children = (
				58192C392447C93D00F77ACB /* Base */,
			);
			name = LaunchScreen.storyboard;
			sourceTree = "<group>";
		};
/* End PBXVariantGroup section */

/* Begin XCBuildConfiguration section */
		58192C522447C93E00F77ACB /* Debug */ = {
			isa = XCBuildConfiguration;
			buildSettings = {
				ALWAYS_SEARCH_USER_PATHS = NO;
				CLANG_ANALYZER_NONNULL = YES;
				CLANG_ANALYZER_NUMBER_OBJECT_CONVERSION = YES_AGGRESSIVE;
				CLANG_CXX_LANGUAGE_STANDARD = "gnu++14";
				CLANG_CXX_LIBRARY = "libc++";
				CLANG_ENABLE_MODULES = YES;
				CLANG_ENABLE_OBJC_ARC = YES;
				CLANG_ENABLE_OBJC_WEAK = YES;
				CLANG_WARN_BLOCK_CAPTURE_AUTORELEASING = YES;
				CLANG_WARN_BOOL_CONVERSION = YES;
				CLANG_WARN_COMMA = YES;
				CLANG_WARN_CONSTANT_CONVERSION = YES;
				CLANG_WARN_DEPRECATED_OBJC_IMPLEMENTATIONS = YES;
				CLANG_WARN_DIRECT_OBJC_ISA_USAGE = YES_ERROR;
				CLANG_WARN_DOCUMENTATION_COMMENTS = YES;
				CLANG_WARN_EMPTY_BODY = YES;
				CLANG_WARN_ENUM_CONVERSION = YES;
				CLANG_WARN_INFINITE_RECURSION = YES;
				CLANG_WARN_INT_CONVERSION = YES;
				CLANG_WARN_NON_LITERAL_NULL_CONVERSION = YES;
				CLANG_WARN_OBJC_IMPLICIT_RETAIN_SELF = YES;
				CLANG_WARN_OBJC_LITERAL_CONVERSION = YES;
				CLANG_WARN_OBJC_ROOT_CLASS = YES_ERROR;
				CLANG_WARN_RANGE_LOOP_ANALYSIS = YES;
				CLANG_WARN_STRICT_PROTOTYPES = YES;
				CLANG_WARN_SUSPICIOUS_MOVE = YES;
				CLANG_WARN_UNGUARDED_AVAILABILITY = YES_AGGRESSIVE;
				CLANG_WARN_UNREACHABLE_CODE = YES;
				CLANG_WARN__DUPLICATE_METHOD_MATCH = YES;
				COPY_PHASE_STRIP = NO;
				DEBUG_INFORMATION_FORMAT = dwarf;
				ENABLE_STRICT_OBJC_MSGSEND = YES;
				ENABLE_TESTABILITY = YES;
				GCC_C_LANGUAGE_STANDARD = gnu11;
				GCC_DYNAMIC_NO_PIC = NO;
				GCC_NO_COMMON_BLOCKS = YES;
				GCC_OPTIMIZATION_LEVEL = 0;
				GCC_PREPROCESSOR_DEFINITIONS = (
					"DEBUG=1",
					"$(inherited)",
				);
				GCC_WARN_64_TO_32_BIT_CONVERSION = YES;
				GCC_WARN_ABOUT_RETURN_TYPE = YES_ERROR;
				GCC_WARN_UNDECLARED_SELECTOR = YES;
				GCC_WARN_UNINITIALIZED_AUTOS = YES_AGGRESSIVE;
				GCC_WARN_UNUSED_FUNCTION = YES;
				GCC_WARN_UNUSED_VARIABLE = YES;
				IPHONEOS_DEPLOYMENT_TARGET = 13.4;
				MTL_ENABLE_DEBUG_INFO = INCLUDE_SOURCE;
				MTL_FAST_MATH = YES;
				ONLY_ACTIVE_ARCH = YES;
				SDKROOT = iphoneos;
				SWIFT_ACTIVE_COMPILATION_CONDITIONS = DEBUG;
				SWIFT_OPTIMIZATION_LEVEL = "-Onone";
			};
			name = Debug;
		};
		58192C532447C93E00F77ACB /* Release */ = {
			isa = XCBuildConfiguration;
			buildSettings = {
				ALWAYS_SEARCH_USER_PATHS = NO;
				CLANG_ANALYZER_NONNULL = YES;
				CLANG_ANALYZER_NUMBER_OBJECT_CONVERSION = YES_AGGRESSIVE;
				CLANG_CXX_LANGUAGE_STANDARD = "gnu++14";
				CLANG_CXX_LIBRARY = "libc++";
				CLANG_ENABLE_MODULES = YES;
				CLANG_ENABLE_OBJC_ARC = YES;
				CLANG_ENABLE_OBJC_WEAK = YES;
				CLANG_WARN_BLOCK_CAPTURE_AUTORELEASING = YES;
				CLANG_WARN_BOOL_CONVERSION = YES;
				CLANG_WARN_COMMA = YES;
				CLANG_WARN_CONSTANT_CONVERSION = YES;
				CLANG_WARN_DEPRECATED_OBJC_IMPLEMENTATIONS = YES;
				CLANG_WARN_DIRECT_OBJC_ISA_USAGE = YES_ERROR;
				CLANG_WARN_DOCUMENTATION_COMMENTS = YES;
				CLANG_WARN_EMPTY_BODY = YES;
				CLANG_WARN_ENUM_CONVERSION = YES;
				CLANG_WARN_INFINITE_RECURSION = YES;
				CLANG_WARN_INT_CONVERSION = YES;
				CLANG_WARN_NON_LITERAL_NULL_CONVERSION = YES;
				CLANG_WARN_OBJC_IMPLICIT_RETAIN_SELF = YES;
				CLANG_WARN_OBJC_LITERAL_CONVERSION = YES;
				CLANG_WARN_OBJC_ROOT_CLASS = YES_ERROR;
				CLANG_WARN_RANGE_LOOP_ANALYSIS = YES;
				CLANG_WARN_STRICT_PROTOTYPES = YES;
				CLANG_WARN_SUSPICIOUS_MOVE = YES;
				CLANG_WARN_UNGUARDED_AVAILABILITY = YES_AGGRESSIVE;
				CLANG_WARN_UNREACHABLE_CODE = YES;
				CLANG_WARN__DUPLICATE_METHOD_MATCH = YES;
				COPY_PHASE_STRIP = NO;
				DEBUG_INFORMATION_FORMAT = "dwarf-with-dsym";
				ENABLE_NS_ASSERTIONS = NO;
				ENABLE_STRICT_OBJC_MSGSEND = YES;
				GCC_C_LANGUAGE_STANDARD = gnu11;
				GCC_NO_COMMON_BLOCKS = YES;
				GCC_WARN_64_TO_32_BIT_CONVERSION = YES;
				GCC_WARN_ABOUT_RETURN_TYPE = YES_ERROR;
				GCC_WARN_UNDECLARED_SELECTOR = YES;
				GCC_WARN_UNINITIALIZED_AUTOS = YES_AGGRESSIVE;
				GCC_WARN_UNUSED_FUNCTION = YES;
				GCC_WARN_UNUSED_VARIABLE = YES;
				IPHONEOS_DEPLOYMENT_TARGET = 13.4;
				MTL_ENABLE_DEBUG_INFO = NO;
				MTL_FAST_MATH = YES;
				SDKROOT = iphoneos;
				SWIFT_COMPILATION_MODE = wholemodule;
				SWIFT_OPTIMIZATION_LEVEL = "-O";
				VALIDATE_PRODUCT = YES;
			};
			name = Release;
		};
		58192C552447C93E00F77ACB /* Debug */ = {
			isa = XCBuildConfiguration;
			buildSettings = {
				ASSETCATALOG_COMPILER_APPICON_NAME = AppIcon;
				CODE_SIGN_STYLE = Automatic;
				INFOPLIST_FILE = MPVExampleApp/Info.plist;
				LD_RUNPATH_SEARCH_PATHS = (
					"$(inherited)",
					"@executable_path/Frameworks",
				);
				PRODUCT_BUNDLE_IDENTIFIER = thiagoAM.MPVExampleApp;
				PRODUCT_NAME = "$(TARGET_NAME)";
				SWIFT_VERSION = 5.0;
				TARGETED_DEVICE_FAMILY = "1,2";
			};
			name = Debug;
		};
		58192C562447C93E00F77ACB /* Release */ = {
			isa = XCBuildConfiguration;
			buildSettings = {
				ASSETCATALOG_COMPILER_APPICON_NAME = AppIcon;
				CODE_SIGN_STYLE = Automatic;
				INFOPLIST_FILE = MPVExampleApp/Info.plist;
				LD_RUNPATH_SEARCH_PATHS = (
					"$(inherited)",
					"@executable_path/Frameworks",
				);
				PRODUCT_BUNDLE_IDENTIFIER = thiagoAM.MPVExampleApp;
				PRODUCT_NAME = "$(TARGET_NAME)";
				SWIFT_VERSION = 5.0;
				TARGETED_DEVICE_FAMILY = "1,2";
			};
			name = Release;
		};
		58192C582447C93E00F77ACB /* Debug */ = {
			isa = XCBuildConfiguration;
			buildSettings = {
				ALWAYS_EMBED_SWIFT_STANDARD_LIBRARIES = YES;
				BUNDLE_LOADER = "$(TEST_HOST)";
				CODE_SIGN_STYLE = Automatic;
				INFOPLIST_FILE = MPVExampleAppTests/Info.plist;
				IPHONEOS_DEPLOYMENT_TARGET = 13.4;
				LD_RUNPATH_SEARCH_PATHS = (
					"$(inherited)",
					"@executable_path/Frameworks",
					"@loader_path/Frameworks",
				);
				PRODUCT_BUNDLE_IDENTIFIER = thiagoAM.MPVExampleAppTests;
				PRODUCT_NAME = "$(TARGET_NAME)";
				SWIFT_VERSION = 5.0;
				TARGETED_DEVICE_FAMILY = "1,2";
				TEST_HOST = "$(BUILT_PRODUCTS_DIR)/MPVExampleApp.app/MPVExampleApp";
			};
			name = Debug;
		};
		58192C592447C93E00F77ACB /* Release */ = {
			isa = XCBuildConfiguration;
			buildSettings = {
				ALWAYS_EMBED_SWIFT_STANDARD_LIBRARIES = YES;
				BUNDLE_LOADER = "$(TEST_HOST)";
				CODE_SIGN_STYLE = Automatic;
				INFOPLIST_FILE = MPVExampleAppTests/Info.plist;
				IPHONEOS_DEPLOYMENT_TARGET = 13.4;
				LD_RUNPATH_SEARCH_PATHS = (
					"$(inherited)",
					"@executable_path/Frameworks",
					"@loader_path/Frameworks",
				);
				PRODUCT_BUNDLE_IDENTIFIER = thiagoAM.MPVExampleAppTests;
				PRODUCT_NAME = "$(TARGET_NAME)";
				SWIFT_VERSION = 5.0;
				TARGETED_DEVICE_FAMILY = "1,2";
				TEST_HOST = "$(BUILT_PRODUCTS_DIR)/MPVExampleApp.app/MPVExampleApp";
			};
			name = Release;
		};
		58192C5B2447C93E00F77ACB /* Debug */ = {
			isa = XCBuildConfiguration;
			buildSettings = {
				ALWAYS_EMBED_SWIFT_STANDARD_LIBRARIES = YES;
				CODE_SIGN_STYLE = Automatic;
				INFOPLIST_FILE = MPVExampleAppUITests/Info.plist;
				LD_RUNPATH_SEARCH_PATHS = (
					"$(inherited)",
					"@executable_path/Frameworks",
					"@loader_path/Frameworks",
				);
				PRODUCT_BUNDLE_IDENTIFIER = thiagoAM.MPVExampleAppUITests;
				PRODUCT_NAME = "$(TARGET_NAME)";
				SWIFT_VERSION = 5.0;
				TARGETED_DEVICE_FAMILY = "1,2";
				TEST_TARGET_NAME = MPVExampleApp;
			};
			name = Debug;
		};
		58192C5C2447C93E00F77ACB /* Release */ = {
			isa = XCBuildConfiguration;
			buildSettings = {
				ALWAYS_EMBED_SWIFT_STANDARD_LIBRARIES = YES;
				CODE_SIGN_STYLE = Automatic;
				INFOPLIST_FILE = MPVExampleAppUITests/Info.plist;
				LD_RUNPATH_SEARCH_PATHS = (
					"$(inherited)",
					"@executable_path/Frameworks",
					"@loader_path/Frameworks",
				);
				PRODUCT_BUNDLE_IDENTIFIER = thiagoAM.MPVExampleAppUITests;
				PRODUCT_NAME = "$(TARGET_NAME)";
				SWIFT_VERSION = 5.0;
				TARGETED_DEVICE_FAMILY = "1,2";
				TEST_TARGET_NAME = MPVExampleApp;
			};
			name = Release;
		};
/* End XCBuildConfiguration section */

/* Begin XCConfigurationList section */
		58192C252447C93C00F77ACB /* Build configuration list for PBXProject "MPVExampleApp" */ = {
			isa = XCConfigurationList;
			buildConfigurations = (
				58192C522447C93E00F77ACB /* Debug */,
				58192C532447C93E00F77ACB /* Release */,
			);
			defaultConfigurationIsVisible = 0;
			defaultConfigurationName = Release;
		};
		58192C542447C93E00F77ACB /* Build configuration list for PBXNativeTarget "MPVExampleApp" */ = {
			isa = XCConfigurationList;
			buildConfigurations = (
				58192C552447C93E00F77ACB /* Debug */,
				58192C562447C93E00F77ACB /* Release */,
			);
			defaultConfigurationIsVisible = 0;
			defaultConfigurationName = Release;
		};
		58192C572447C93E00F77ACB /* Build configuration list for PBXNativeTarget "MPVExampleAppTests" */ = {
			isa = XCConfigurationList;
			buildConfigurations = (
				58192C582447C93E00F77ACB /* Debug */,
				58192C592447C93E00F77ACB /* Release */,
			);
			defaultConfigurationIsVisible = 0;
			defaultConfigurationName = Release;
		};
		58192C5A2447C93E00F77ACB /* Build configuration list for PBXNativeTarget "MPVExampleAppUITests" */ = {
			isa = XCConfigurationList;
			buildConfigurations = (
				58192C5B2447C93E00F77ACB /* Debug */,
				58192C5C2447C93E00F77ACB /* Release */,
			);
			defaultConfigurationIsVisible = 0;
			defaultConfigurationName = Release;
		};
/* End XCConfigurationList section */
	};
	rootObject = 58192C222447C93C00F77ACB /* Project object */;
}
