// !$*UTF8*$!
{
	archiveVersion = 1;
	classes = {
	};
	objectVersion = 50;
	objects = {

/* Begin PBXBuildFile section */
		58E646422447DB4600D79965 /* AppDelegate.swift in Sources */ = {isa = PBXBuildFile; fileRef = 58E646412447DB4600D79965 /* AppDelegate.swift */; };
		58E646442447DB4600D79965 /* SceneDelegate.swift in Sources */ = {isa = PBXBuildFile; fileRef = 58E646432447DB4600D79965 /* SceneDelegate.swift */; };
		58E646492447DB4600D79965 /* Main.storyboard in Resources */ = {isa = PBXBuildFile; fileRef = 58E646472447DB4600D79965 /* Main.storyboard */; };
		58E6464B2447DB4700D79965 /* Assets.xcassets in Resources */ = {isa = PBXBuildFile; fileRef = 58E6464A2447DB4700D79965 /* Assets.xcassets */; };
		58E6464E2447DB4700D79965 /* LaunchScreen.storyboard in Resources */ = {isa = PBXBuildFile; fileRef = 58E6464C2447DB4700D79965 /* LaunchScreen.storyboard */; };
		58E6465A2447DBBA00D79965 /* TrafficLight.swift in Sources */ = {isa = PBXBuildFile; fileRef = 58E646592447DBBA00D79965 /* TrafficLight.swift */; };
		58E6465C2447DBD200D79965 /* TrafficLightViewController.swift in Sources */ = {isa = PBXBuildFile; fileRef = 58E6465B2447DBD200D79965 /* TrafficLightViewController.swift */; };
		58E6465E2447DBEF00D79965 /* TrafficLightPresenter.swift in Sources */ = {isa = PBXBuildFile; fileRef = 58E6465D2447DBEF00D79965 /* TrafficLightPresenter.swift */; };
		58E646602447DC0800D79965 /* TrafficLightService.swift in Sources */ = {isa = PBXBuildFile; fileRef = 58E6465F2447DC0800D79965 /* TrafficLightService.swift */; };
/* End PBXBuildFile section */

/* Begin PBXFileReference section */
		58E6463E2447DB4600D79965 /* MVPExampleApp.app */ = {isa = PBXFileReference; explicitFileType = wrapper.application; includeInIndex = 0; path = MVPExampleApp.app; sourceTree = BUILT_PRODUCTS_DIR; };
		58E646412447DB4600D79965 /* AppDelegate.swift */ = {isa = PBXFileReference; lastKnownFileType = sourcecode.swift; path = AppDelegate.swift; sourceTree = "<group>"; };
		58E646432447DB4600D79965 /* SceneDelegate.swift */ = {isa = PBXFileReference; lastKnownFileType = sourcecode.swift; path = SceneDelegate.swift; sourceTree = "<group>"; };
		58E646482447DB4600D79965 /* Base */ = {isa = PBXFileReference; lastKnownFileType = file.storyboard; name = Base; path = Base.lproj/Main.storyboard; sourceTree = "<group>"; };
		58E6464A2447DB4700D79965 /* Assets.xcassets */ = {isa = PBXFileReference; lastKnownFileType = folder.assetcatalog; path = Assets.xcassets; sourceTree = "<group>"; };
		58E6464D2447DB4700D79965 /* Base */ = {isa = PBXFileReference; lastKnownFileType = file.storyboard; name = Base; path = Base.lproj/LaunchScreen.storyboard; sourceTree = "<group>"; };
		58E6464F2447DB4700D79965 /* Info.plist */ = {isa = PBXFileReference; lastKnownFileType = text.plist.xml; path = Info.plist; sourceTree = "<group>"; };
		58E646592447DBBA00D79965 /* TrafficLight.swift */ = {isa = PBXFileReference; lastKnownFileType = sourcecode.swift; path = TrafficLight.swift; sourceTree = "<group>"; };
		58E6465B2447DBD200D79965 /* TrafficLightViewController.swift */ = {isa = PBXFileReference; lastKnownFileType = sourcecode.swift; path = TrafficLightViewController.swift; sourceTree = "<group>"; };
		58E6465D2447DBEF00D79965 /* TrafficLightPresenter.swift */ = {isa = PBXFileReference; lastKnownFileType = sourcecode.swift; path = TrafficLightPresenter.swift; sourceTree = "<group>"; };
		58E6465F2447DC0800D79965 /* TrafficLightService.swift */ = {isa = PBXFileReference; lastKnownFileType = sourcecode.swift; path = TrafficLightService.swift; sourceTree = "<group>"; };
/* End PBXFileReference section */

/* Begin PBXFrameworksBuildPhase section */
		58E6463B2447DB4600D79965 /* Frameworks */ = {
			isa = PBXFrameworksBuildPhase;
			buildActionMask = 2147483647;
			files = (
			);
			runOnlyForDeploymentPostprocessing = 0;
		};
/* End PBXFrameworksBuildPhase section */

/* Begin PBXGroup section */
		58E646352447DB4600D79965 = {
			isa = PBXGroup;
			children = (
				58E646402447DB4600D79965 /* MVPExampleApp */,
				58E6463F2447DB4600D79965 /* Products */,
			);
			sourceTree = "<group>";
		};
		58E6463F2447DB4600D79965 /* Products */ = {
			isa = PBXGroup;
			children = (
				58E6463E2447DB4600D79965 /* MVPExampleApp.app */,
			);
			name = Products;
			sourceTree = "<group>";
		};
		58E646402447DB4600D79965 /* MVPExampleApp */ = {
			isa = PBXGroup;
			children = (
				58E646552447DB7C00D79965 /* Models */,
				58E646562447DB8100D79965 /* Views */,
				58E646572447DB8700D79965 /* Presenters */,
				58E646582447DB9200D79965 /* DataSource */,
				58E646412447DB4600D79965 /* AppDelegate.swift */,
				58E646432447DB4600D79965 /* SceneDelegate.swift */,
				58E646472447DB4600D79965 /* Main.storyboard */,
				58E6464A2447DB4700D79965 /* Assets.xcassets */,
				58E6464C2447DB4700D79965 /* LaunchScreen.storyboard */,
				58E6464F2447DB4700D79965 /* Info.plist */,
			);
			path = MVPExampleApp;
			sourceTree = "<group>";
		};
		58E646552447DB7C00D79965 /* Models */ = {
			isa = PBXGroup;
			children = (
				58E646592447DBBA00D79965 /* TrafficLight.swift */,
			);
			path = Models;
			sourceTree = "<group>";
		};
		58E646562447DB8100D79965 /* Views */ = {
			isa = PBXGroup;
			children = (
				58E6465B2447DBD200D79965 /* TrafficLightViewController.swift */,
			);
			path = Views;
			sourceTree = "<group>";
		};
		58E646572447DB8700D79965 /* Presenters */ = {
			isa = PBXGroup;
			children = (
				58E6465D2447DBEF00D79965 /* TrafficLightPresenter.swift */,
			);
			path = Presenters;
			sourceTree = "<group>";
		};
		58E646582447DB9200D79965 /* DataSource */ = {
			isa = PBXGroup;
			children = (
				58E6465F2447DC0800D79965 /* TrafficLightService.swift */,
			);
			path = DataSource;
			sourceTree = "<group>";
		};
/* End PBXGroup section */

/* Begin PBXNativeTarget section */
		58E6463D2447DB4600D79965 /* MVPExampleApp */ = {
			isa = PBXNativeTarget;
			buildConfigurationList = 58E646522447DB4700D79965 /* Build configuration list for PBXNativeTarget "MVPExampleApp" */;
			buildPhases = (
				58E6463A2447DB4600D79965 /* Sources */,
				58E6463B2447DB4600D79965 /* Frameworks */,
				58E6463C2447DB4600D79965 /* Resources */,
			);
			buildRules = (
			);
			dependencies = (
			);
			name = MVPExampleApp;
			productName = MVPExampleApp;
			productReference = 58E6463E2447DB4600D79965 /* MVPExampleApp.app */;
			productType = "com.apple.product-type.application";
		};
/* End PBXNativeTarget section */

/* Begin PBXProject section */
		58E646362447DB4600D79965 /* Project object */ = {
			isa = PBXProject;
			attributes = {
				LastSwiftUpdateCheck = 1140;
				LastUpgradeCheck = 1140;
				ORGANIZATIONNAME = "Thiago Anderson Martins";
				TargetAttributes = {
					58E6463D2447DB4600D79965 = {
						CreatedOnToolsVersion = 11.4;
					};
				};
			};
			buildConfigurationList = 58E646392447DB4600D79965 /* Build configuration list for PBXProject "MVPExampleApp" */;
			compatibilityVersion = "Xcode 9.3";
			developmentRegion = en;
			hasScannedForEncodings = 0;
			knownRegions = (
				en,
				Base,
			);
			mainGroup = 58E646352447DB4600D79965;
			productRefGroup = 58E6463F2447DB4600D79965 /* Products */;
			projectDirPath = "";
			projectRoot = "";
			targets = (
				58E6463D2447DB4600D79965 /* MVPExampleApp */,
			);
		};
/* End PBXProject section */

/* Begin PBXResourcesBuildPhase section */
		58E6463C2447DB4600D79965 /* Resources */ = {
			isa = PBXResourcesBuildPhase;
			buildActionMask = 2147483647;
			files = (
				58E6464E2447DB4700D79965 /* LaunchScreen.storyboard in Resources */,
				58E6464B2447DB4700D79965 /* Assets.xcassets in Resources */,
				58E646492447DB4600D79965 /* Main.storyboard in Resources */,
			);
			runOnlyForDeploymentPostprocessing = 0;
		};
/* End PBXResourcesBuildPhase section */

/* Begin PBXSourcesBuildPhase section */
		58E6463A2447DB4600D79965 /* Sources */ = {
			isa = PBXSourcesBuildPhase;
			buildActionMask = 2147483647;
			files = (
				58E6465A2447DBBA00D79965 /* TrafficLight.swift in Sources */,
				58E6465C2447DBD200D79965 /* TrafficLightViewController.swift in Sources */,
				58E646602447DC0800D79965 /* TrafficLightService.swift in Sources */,
				58E6465E2447DBEF00D79965 /* TrafficLightPresenter.swift in Sources */,
				58E646422447DB4600D79965 /* AppDelegate.swift in Sources */,
				58E646442447DB4600D79965 /* SceneDelegate.swift in Sources */,
			);
			runOnlyForDeploymentPostprocessing = 0;
		};
/* End PBXSourcesBuildPhase section */

/* Begin PBXVariantGroup section */
		58E646472447DB4600D79965 /* Main.storyboard */ = {
			isa = PBXVariantGroup;
			children = (
				58E646482447DB4600D79965 /* Base */,
			);
			name = Main.storyboard;
			sourceTree = "<group>";
		};
		58E6464C2447DB4700D79965 /* LaunchScreen.storyboard */ = {
			isa = PBXVariantGroup;
			children = (
				58E6464D2447DB4700D79965 /* Base */,
			);
			name = LaunchScreen.storyboard;
			sourceTree = "<group>";
		};
/* End PBXVariantGroup section */

/* Begin XCBuildConfiguration section */
		58E646502447DB4700D79965 /* Debug */ = {
			isa = XCBuildConfiguration;
			buildSettings = {
				ALWAYS_SEARCH_USER_PATHS = NO;
				CLANG_ANALYZER_NONNULL = YES;
				CLANG_ANALYZER_NUMBER_OBJECT_CONVERSION = YES_AGGRESSIVE;
				CLANG_CXX_LANGUAGE_STANDARD = "gnu++14";
				CLANG_CXX_LIBRARY = "libc++";
				CLANG_ENABLE_MODULES = YES;
				CLANG_ENABLE_OBJC_ARC = YES;
				CLANG_ENABLE_OBJC_WEAK = YES;
				CLANG_WARN_BLOCK_CAPTURE_AUTORELEASING = YES;
				CLANG_WARN_BOOL_CONVERSION = YES;
				CLANG_WARN_COMMA = YES;
				CLANG_WARN_CONSTANT_CONVERSION = YES;
				CLANG_WARN_DEPRECATED_OBJC_IMPLEMENTATIONS = YES;
				CLANG_WARN_DIRECT_OBJC_ISA_USAGE = YES_ERROR;
				CLANG_WARN_DOCUMENTATION_COMMENTS = YES;
				CLANG_WARN_EMPTY_BODY = YES;
				CLANG_WARN_ENUM_CONVERSION = YES;
				CLANG_WARN_INFINITE_RECURSION = YES;
				CLANG_WARN_INT_CONVERSION = YES;
				CLANG_WARN_NON_LITERAL_NULL_CONVERSION = YES;
				CLANG_WARN_OBJC_IMPLICIT_RETAIN_SELF = YES;
				CLANG_WARN_OBJC_LITERAL_CONVERSION = YES;
				CLANG_WARN_OBJC_ROOT_CLASS = YES_ERROR;
				CLANG_WARN_RANGE_LOOP_ANALYSIS = YES;
				CLANG_WARN_STRICT_PROTOTYPES = YES;
				CLANG_WARN_SUSPICIOUS_MOVE = YES;
				CLANG_WARN_UNGUARDED_AVAILABILITY = YES_AGGRESSIVE;
				CLANG_WARN_UNREACHABLE_CODE = YES;
				CLANG_WARN__DUPLICATE_METHOD_MATCH = YES;
				COPY_PHASE_STRIP = NO;
				DEBUG_INFORMATION_FORMAT = dwarf;
				ENABLE_STRICT_OBJC_MSGSEND = YES;
				ENABLE_TESTABILITY = YES;
				GCC_C_LANGUAGE_STANDARD = gnu11;
				GCC_DYNAMIC_NO_PIC = NO;
				GCC_NO_COMMON_BLOCKS = YES;
				GCC_OPTIMIZATION_LEVEL = 0;
				GCC_PREPROCESSOR_DEFINITIONS = (
					"DEBUG=1",
					"$(inherited)",
				);
				GCC_WARN_64_TO_32_BIT_CONVERSION = YES;
				GCC_WARN_ABOUT_RETURN_TYPE = YES_ERROR;
				GCC_WARN_UNDECLARED_SELECTOR = YES;
				GCC_WARN_UNINITIALIZED_AUTOS = YES_AGGRESSIVE;
				GCC_WARN_UNUSED_FUNCTION = YES;
				GCC_WARN_UNUSED_VARIABLE = YES;
				IPHONEOS_DEPLOYMENT_TARGET = 13.4;
				MTL_ENABLE_DEBUG_INFO = INCLUDE_SOURCE;
				MTL_FAST_MATH = YES;
				ONLY_ACTIVE_ARCH = YES;
				SDKROOT = iphoneos;
				SWIFT_ACTIVE_COMPILATION_CONDITIONS = DEBUG;
				SWIFT_OPTIMIZATION_LEVEL = "-Onone";
			};
			name = Debug;
		};
		58E646512447DB4700D79965 /* Release */ = {
			isa = XCBuildConfiguration;
			buildSettings = {
				ALWAYS_SEARCH_USER_PATHS = NO;
				CLANG_ANALYZER_NONNULL = YES;
				CLANG_ANALYZER_NUMBER_OBJECT_CONVERSION = YES_AGGRESSIVE;
				CLANG_CXX_LANGUAGE_STANDARD = "gnu++14";
				CLANG_CXX_LIBRARY = "libc++";
				CLANG_ENABLE_MODULES = YES;
				CLANG_ENABLE_OBJC_ARC = YES;
				CLANG_ENABLE_OBJC_WEAK = YES;
				CLANG_WARN_BLOCK_CAPTURE_AUTORELEASING = YES;
				CLANG_WARN_BOOL_CONVERSION = YES;
				CLANG_WARN_COMMA = YES;
				CLANG_WARN_CONSTANT_CONVERSION = YES;
				CLANG_WARN_DEPRECATED_OBJC_IMPLEMENTATIONS = YES;
				CLANG_WARN_DIRECT_OBJC_ISA_USAGE = YES_ERROR;
				CLANG_WARN_DOCUMENTATION_COMMENTS = YES;
				CLANG_WARN_EMPTY_BODY = YES;
				CLANG_WARN_ENUM_CONVERSION = YES;
				CLANG_WARN_INFINITE_RECURSION = YES;
				CLANG_WARN_INT_CONVERSION = YES;
				CLANG_WARN_NON_LITERAL_NULL_CONVERSION = YES;
				CLANG_WARN_OBJC_IMPLICIT_RETAIN_SELF = YES;
				CLANG_WARN_OBJC_LITERAL_CONVERSION = YES;
				CLANG_WARN_OBJC_ROOT_CLASS = YES_ERROR;
				CLANG_WARN_RANGE_LOOP_ANALYSIS = YES;
				CLANG_WARN_STRICT_PROTOTYPES = YES;
				CLANG_WARN_SUSPICIOUS_MOVE = YES;
				CLANG_WARN_UNGUARDED_AVAILABILITY = YES_AGGRESSIVE;
				CLANG_WARN_UNREACHABLE_CODE = YES;
				CLANG_WARN__DUPLICATE_METHOD_MATCH = YES;
				COPY_PHASE_STRIP = NO;
				DEBUG_INFORMATION_FORMAT = "dwarf-with-dsym";
				ENABLE_NS_ASSERTIONS = NO;
				ENABLE_STRICT_OBJC_MSGSEND = YES;
				GCC_C_LANGUAGE_STANDARD = gnu11;
				GCC_NO_COMMON_BLOCKS = YES;
				GCC_WARN_64_TO_32_BIT_CONVERSION = YES;
				GCC_WARN_ABOUT_RETURN_TYPE = YES_ERROR;
				GCC_WARN_UNDECLARED_SELECTOR = YES;
				GCC_WARN_UNINITIALIZED_AUTOS = YES_AGGRESSIVE;
				GCC_WARN_UNUSED_FUNCTION = YES;
				GCC_WARN_UNUSED_VARIABLE = YES;
				IPHONEOS_DEPLOYMENT_TARGET = 13.4;
				MTL_ENABLE_DEBUG_INFO = NO;
				MTL_FAST_MATH = YES;
				SDKROOT = iphoneos;
				SWIFT_COMPILATION_MODE = wholemodule;
				SWIFT_OPTIMIZATION_LEVEL = "-O";
				VALIDATE_PRODUCT = YES;
			};
			name = Release;
		};
		58E646532447DB4700D79965 /* Debug */ = {
			isa = XCBuildConfiguration;
			buildSettings = {
				ASSETCATALOG_COMPILER_APPICON_NAME = AppIcon;
				CODE_SIGN_STYLE = Automatic;
				INFOPLIST_FILE = MVPExampleApp/Info.plist;
				LD_RUNPATH_SEARCH_PATHS = (
					"$(inherited)",
					"@executable_path/Frameworks",
				);
				PRODUCT_BUNDLE_IDENTIFIER = thiagoAM.MVPExampleApp;
				PRODUCT_NAME = "$(TARGET_NAME)";
				SWIFT_VERSION = 5.0;
				TARGETED_DEVICE_FAMILY = "1,2";
			};
			name = Debug;
		};
		58E646542447DB4700D79965 /* Release */ = {
			isa = XCBuildConfiguration;
			buildSettings = {
				ASSETCATALOG_COMPILER_APPICON_NAME = AppIcon;
				CODE_SIGN_STYLE = Automatic;
				INFOPLIST_FILE = MVPExampleApp/Info.plist;
				LD_RUNPATH_SEARCH_PATHS = (
					"$(inherited)",
					"@executable_path/Frameworks",
				);
				PRODUCT_BUNDLE_IDENTIFIER = thiagoAM.MVPExampleApp;
				PRODUCT_NAME = "$(TARGET_NAME)";
				SWIFT_VERSION = 5.0;
				TARGETED_DEVICE_FAMILY = "1,2";
			};
			name = Release;
		};
/* End XCBuildConfiguration section */

/* Begin XCConfigurationList section */
		58E646392447DB4600D79965 /* Build configuration list for PBXProject "MVPExampleApp" */ = {
			isa = XCConfigurationList;
			buildConfigurations = (
				58E646502447DB4700D79965 /* Debug */,
				58E646512447DB4700D79965 /* Release */,
			);
			defaultConfigurationIsVisible = 0;
			defaultConfigurationName = Release;
		};
		58E646522447DB4700D79965 /* Build configuration list for PBXNativeTarget "MVPExampleApp" */ = {
			isa = XCConfigurationList;
			buildConfigurations = (
				58E646532447DB4700D79965 /* Debug */,
				58E646542447DB4700D79965 /* Release */,
			);
			defaultConfigurationIsVisible = 0;
			defaultConfigurationName = Release;
		};
/* End XCConfigurationList section */
	};
	rootObject = 58E646362447DB4600D79965 /* Project object */;
}
